
Microsoft Visual Studio Solution File, Format Version 12.00
# Visual Studio Version 16
VisualStudioVersion = 16.0.30413.136
MinimumVisualStudioVersion = 10.0.40219.1
Project("{FAE04EC0-301F-11D3-BF4B-00C04F79EFBC}") = "ConsoleApp19", "ConsoleApp19\ConsoleApp19.csproj", "{49F80A6A-CED6-44E8-9CC1-BF8884C748DB}"
EndProject
Global
	GlobalSection(SolutionConfigurationPlatforms) = preSolution
		Debug|Any CPU = Debug|Any CPU
		Release|Any CPU = Release|Any CPU
	EndGlobalSection
	GlobalSection(ProjectConfigurationPlatforms) = postSolution
		{49F80A6A-CED6-44E8-9CC1-BF8884C748DB}.Debug|Any CPU.ActiveCfg = Debug|Any CPU
		{49F80A6A-CED6-44E8-9CC1-BF8884C748DB}.Debug|Any CPU.Build.0 = Debug|Any CPU
		{49F80A6A-CED6-44E8-9CC1-BF8884C748DB}.Release|Any CPU.ActiveCfg = Release|Any CPU
		{49F80A6A-CED6-44E8-9CC1-BF8884C748DB}.Release|Any CPU.Build.0 = Release|Any CPU
	EndGlobalSection
	GlobalSection(SolutionProperties) = preSolution
		HideSolutionNode = FALSE
	EndGlobalSection
	GlobalSection(ExtensibilityGlobals) = postSolution
		SolutionGuid = {D9842F44-BB7E-4D51-B7A8-53D921858459}
	EndGlobalSection
EndGlobal
